{
  "name": "vectors",
  "version": "1.0.0",
  "lockfileVersion": 1,
  "requires": true,
  "dependencies": {
    "@reactivex/rxjs": {
      "version": "6.5.5",
      "resolved": "https://registry.npmjs.org/@reactivex/rxjs/-/rxjs-6.5.5.tgz",
      "integrity": "sha512-s2KQyapwCisWZITSo2ML3ALoRaVYcShC1vMfou9rBjxVe5lBdzcw1KxbF87iTIPBulQ/J0Nsrj1cY9cOgovuCg==",
      "requires": {
        "tslib": "^1.9.0"
      }
    },
    "tslib": {
      "version": "1.11.1",
      "resolved": "https://registry.npmjs.org/tslib/-/tslib-1.11.1.tgz",
      "integrity": "sha512-aZW88SY8kQbU7gpV19lN24LtXh/yD4ZZg6qieAJDDg+YBsJcSmLGK9QpnUjAKVG/xefmvJGd1WUmfpT/g6AJGA=="
    }
  }
}
